/mnt/HDD12TB/pathogen_reruns/pseudomonas_aeruginosa/marge/genomes/selected_accessions.txt
/mnt/HDD12TB/pathogen_reruns/pseudomonas_aeruginosa/marge/4-visualize/cluster_distribution.html
/mnt/HDD12TB/pathogen_reruns/pseudomonas_aeruginosa/marge/1-sketch/non_targets.txt
/mnt/HDD12TB/pathogen_reruns/pseudomonas_aeruginosa/marge/3-cluster/representatives.txt
/mnt/HDD12TB/pathogen_reruns/pseudomonas_aeruginosa/marge/0-download/genomes
/mnt/HDD12TB/pathogen_reruns/pseudomonas_aeruginosa/pipeline1/accessions.txt
/mnt/HDD12TB/pathogen_reruns/pseudomonas_aeruginosa/marge/2-distances/distances.txt
/mnt/HDD12TB/pathogen_reruns/pseudomonas_aeruginosa/marge/1-sketch/genomes_sketch.msh
/mnt/HDD12TB/pathogen_reruns/pseudomonas_aeruginosa/marge/3-cluster/clustering_data.json
