/mnt/HDD12TB/pathogen_reruns/staphylococcus_aureus/mashclust/2-distances/distances.txt
/mnt/HDD12TB/pathogen_reruns/staphylococcus_aureus/mashclust/4-visualize/cluster_distribution.html
/mnt/HDD12TB/pathogen_reruns/staphylococcus_aureus/mashclust/3-cluster/representatives.txt
/mnt/HDD12TB/pathogen_reruns/staphylococcus_aureus/mashclust/3-cluster/clustering_data.json
/mnt/HDD12TB/pathogen_reruns/staphylococcus_aureus/mashclust/results/selected_accessions.txt
/mnt/HDD12TB/pathogen_reruns/staphylococcus_aureus/mashclust/results/genomes
