/mnt/HDD12TB/pathogen_reruns/pseudomonas_aeruginosa/marge/4-visualize/cluster_distribution.html
/mnt/HDD12TB/pathogen_reruns/pseudomonas_aeruginosa/marge/genomes/selected_accessions.txt
/mnt/HDD12TB/pathogen_reruns/pseudomonas_aeruginosa/marge/genomes/uncompressed
/mnt/HDD12TB/pathogen_reruns/pseudomonas_aeruginosa/marge/2-distances/distances.txt
/mnt/HDD12TB/pathogen_reruns/pseudomonas_aeruginosa/marge/3-cluster/representatives.txt
/mnt/HDD12TB/pathogen_reruns/pseudomonas_aeruginosa/marge/3-cluster/clustering_data.json
